<?xml version="1.0" encoding="utf-8"?>
<Project ToolsVersion="4.0" xmlns="http://schemas.microsoft.com/developer/msbuild/2003">
  <ItemGroup>
    <Filter Include="Source Files">
      <UniqueIdentifier>{4FC737F1-C7A5-4376-A066-2A32D752A2FF}</UniqueIdentifier>
      <Extensions>cpp;c;cc;cxx;c++;cppm;ixx;def;odl;idl;hpj;bat;asm;asmx</Extensions>
    </Filter>
    <Filter Include="Header Files">
      <UniqueIdentifier>{93995380-89BD-4b04-88EB-625FBE52EBFB}</UniqueIdentifier>
      <Extensions>h;hh;hpp;hxx;h++;hm;inl;inc;ipp;xsd</Extensions>
    </Filter>
    <Filter Include="Resource Files">
      <UniqueIdentifier>{67DA6AB6-F800-4c08-8B7A-83BB121AAD01}</UniqueIdentifier>
      <Extensions>rc;ico;cur;bmp;dlg;rc2;rct;bin;rgs;gif;jpg;jpeg;jpe;resx;tiff;tif;png;wav;mfcribbon-ms</Extensions>
    </Filter>
  </ItemGroup>
  <ItemGroup>
    <ClCompile Include="src\Application.cpp">
      <Filter>Source Files</Filter>
    </ClCompile>
    <ClCompile Include="src\vendor\glad\glad.c">
      <Filter>Source Files</Filter>
    </ClCompile>
    <ClCompile Include="src\Shader.cpp">
      <Filter>Source Files</Filter>
    </ClCompile>
    <ClCompile Include="src\vendor\stb_image\stb_image.cpp">
      <Filter>Source Files</Filter>
    </ClCompile>
    <ClCompile Include="src\Texture.cpp">
      <Filter>Source Files</Filter>
    </ClCompile>
    <ClCompile Include="src\IndexBuffer.cpp">
      <Filter>Source Files</Filter>
    </ClCompile>
    <ClCompile Include="src\VertexBuffer.cpp">
      <Filter>Source Files</Filter>
    </ClCompile>
    <ClCompile Include="src\VertexArray.cpp">
      <Filter>Source Files</Filter>
    </ClCompile>
    <ClCompile Include="src\Renderer.cpp">
      <Filter>Source Files</Filter>
    </ClCompile>
    <ClCompile Include="src\vendor\imgui\imgui.cpp">
      <Filter>Source Files</Filter>
    </ClCompile>
    <ClCompile Include="src\vendor\imgui\imgui_demo.cpp">
      <Filter>Source Files</Filter>
    </ClCompile>
    <ClCompile Include="src\vendor\imgui\imgui_draw.cpp">
      <Filter>Source Files</Filter>
    </ClCompile>
    <ClCompile Include="src\vendor\imgui\imgui_tables.cpp">
      <Filter>Source Files</Filter>
    </ClCompile>
    <ClCompile Include="src\vendor\imgui\imgui_widgets.cpp">
      <Filter>Source Files</Filter>
    </ClCompile>
    <ClCompile Include="src\vendor\imgui\imgui_impl_glfw.cpp">
      <Filter>Source Files</Filter>
    </ClCompile>
    <ClCompile Include="src\vendor\imgui\imgui_impl_opengl3.cpp">
      <Filter>Source Files</Filter>
    </ClCompile>
    <ClCompile Include="src\Camera.cpp">
      <Filter>Source Files</Filter>
    </ClCompile>
    <ClCompile Include="src\Material.cpp">
      <Filter>Source Files</Filter>
    </ClCompile>
    <ClCompile Include="src\scenes\00_SceneClearColor.cpp">
      <Filter>Source Files</Filter>
    </ClCompile>
    <ClCompile Include="src\scenes\01_SceneCube.cpp">
      <Filter>Source Files</Filter>
    </ClCompile>
    <ClCompile Include="src\scenes\02_SceneCubeMultiple.cpp">
      <Filter>Source Files</Filter>
    </ClCompile>
    <ClCompile Include="src\scenes\03_ScenePhongLight.cpp">
      <Filter>Source Files</Filter>
    </ClCompile>
    <ClCompile Include="src\scenes\04_SceneMaterials.cpp">
      <Filter>Source Files</Filter>
    </ClCompile>
    <ClCompile Include="src\scenes\05_SceneSurfMaps.cpp">
      <Filter>Source Files</Filter>
    </ClCompile>
    <ClCompile Include="src\scenes\06_SceneLightCasters.cpp">
      <Filter>Source Files</Filter>
    </ClCompile>
    <ClCompile Include="src\scenes\07_SceneMultipleLights.cpp">
      <Filter>Source Files</Filter>
    </ClCompile>
    <ClCompile Include="src\LightDirectional.cpp">
      <Filter>Source Files</Filter>
    </ClCompile>
    <ClCompile Include="src\LightPoint.cpp">
      <Filter>Source Files</Filter>
    </ClCompile>
    <ClCompile Include="src\LightSpot.cpp">
      <Filter>Source Files</Filter>
    </ClCompile>
    <ClCompile Include="src\Light.cpp">
      <Filter>Source Files</Filter>
    </ClCompile>
    <ClCompile Include="src\Mesh.cpp">
      <Filter>Source Files</Filter>
    </ClCompile>
    <ClCompile Include="src\Model.cpp">
      <Filter>Source Files</Filter>
    </ClCompile>
    <ClCompile Include="src\scenes\08_SceneModelLoading.cpp">
      <Filter>Source Files</Filter>
    </ClCompile>
  </ItemGroup>
  <ItemGroup>
    <ClInclude Include="src\Shader.h">
      <Filter>Header Files</Filter>
    </ClInclude>
    <ClInclude Include="src\vendor\stb_image\stb_image.h">
      <Filter>Header Files</Filter>
    </ClInclude>
    <ClInclude Include="src\Texture.h">
      <Filter>Header Files</Filter>
    </ClInclude>
    <ClInclude Include="src\IndexBuffer.h">
      <Filter>Header Files</Filter>
    </ClInclude>
    <ClInclude Include="src\VertexBuffer.h">
      <Filter>Header Files</Filter>
    </ClInclude>
    <ClInclude Include="src\VertexArray.h">
      <Filter>Header Files</Filter>
    </ClInclude>
    <ClInclude Include="src\Renderer.h">
      <Filter>Header Files</Filter>
    </ClInclude>
    <ClInclude Include="src\vendor\imgui\imstb_truetype.h">
      <Filter>Header Files</Filter>
    </ClInclude>
    <ClInclude Include="src\vendor\imgui\imconfig.h">
      <Filter>Header Files</Filter>
    </ClInclude>
    <ClInclude Include="src\vendor\imgui\imgui.h">
      <Filter>Header Files</Filter>
    </ClInclude>
    <ClInclude Include="src\vendor\imgui\imgui_internal.h">
      <Filter>Header Files</Filter>
    </ClInclude>
    <ClInclude Include="src\vendor\imgui\imstb_rectpack.h">
      <Filter>Header Files</Filter>
    </ClInclude>
    <ClInclude Include="src\vendor\imgui\imstb_textedit.h">
      <Filter>Header Files</Filter>
    </ClInclude>
    <ClInclude Include="src\vendor\imgui\imgui_impl_opengl3.h">
      <Filter>Header Files</Filter>
    </ClInclude>
    <ClInclude Include="src\vendor\imgui\imgui_impl_glfw.h">
      <Filter>Header Files</Filter>
    </ClInclude>
    <ClInclude Include="src\vendor\imgui\imgui_impl_opengl3_loader.h">
      <Filter>Header Files</Filter>
    </ClInclude>
    <ClInclude Include="src\Camera.h">
      <Filter>Header Files</Filter>
    </ClInclude>
    <ClInclude Include="src\scenes\Scene.h">
      <Filter>Header Files</Filter>
    </ClInclude>
    <ClInclude Include="src\ShapeLib.h">
      <Filter>Header Files</Filter>
    </ClInclude>
    <ClInclude Include="src\Material.h">
      <Filter>Header Files</Filter>
    </ClInclude>
    <ClInclude Include="src\scenes\07_SceneMultipleLights.h">
      <Filter>Header Files</Filter>
    </ClInclude>
    <ClInclude Include="src\scenes\00_SceneClearColor.h">
      <Filter>Header Files</Filter>
    </ClInclude>
    <ClInclude Include="src\scenes\01_SceneCube.h">
      <Filter>Header Files</Filter>
    </ClInclude>
    <ClInclude Include="src\scenes\02_SceneCubeMultiple.h">
      <Filter>Header Files</Filter>
    </ClInclude>
    <ClInclude Include="src\scenes\03_ScenePhongLight.h">
      <Filter>Header Files</Filter>
    </ClInclude>
    <ClInclude Include="src\scenes\04_SceneMaterials.h">
      <Filter>Header Files</Filter>
    </ClInclude>
    <ClInclude Include="src\scenes\05_SceneSurfMaps.h">
      <Filter>Header Files</Filter>
    </ClInclude>
    <ClInclude Include="src\scenes\06_SceneLightCasters.h">
      <Filter>Header Files</Filter>
    </ClInclude>
    <ClInclude Include="src\LightDirectional.h">
      <Filter>Header Files</Filter>
    </ClInclude>
    <ClInclude Include="src\LightSpot.h">
      <Filter>Header Files</Filter>
    </ClInclude>
    <ClInclude Include="src\LightPoint.h">
      <Filter>Header Files</Filter>
    </ClInclude>
    <ClInclude Include="src\Light.h">
      <Filter>Header Files</Filter>
    </ClInclude>
    <ClInclude Include="src\Model.h">
      <Filter>Header Files</Filter>
    </ClInclude>
    <ClInclude Include="src\Mesh.h">
      <Filter>Header Files</Filter>
    </ClInclude>
    <ClInclude Include="src\scenes\08_SceneModelLoading.h">
      <Filter>Header Files</Filter>
    </ClInclude>
  </ItemGroup>
  <ItemGroup>
    <None Include="resources\shaders\GettingStarted\default.frag" />
    <None Include="resources\shaders\GettingStarted\default.vert" />
    <None Include="resources\shaders\Lighting\PhongLighting\object.vert" />
    <None Include="resources\shaders\Lighting\PhongLighting\light.frag" />
    <None Include="resources\shaders\Lighting\PhongLighting\light.vert" />
    <None Include="resources\shaders\Lighting\PhongLighting\object.frag" />
    <None Include="resources\shaders\Lighting\Materials\light.frag" />
    <None Include="resources\shaders\Lighting\Materials\light.vert" />
    <None Include="resources\shaders\Lighting\Materials\object.frag" />
    <None Include="resources\shaders\Lighting\Materials\object.vert" />
    <None Include="resources\shaders\Lighting\SurfaceMaps\light.frag" />
    <None Include="resources\shaders\Lighting\SurfaceMaps\light.vert" />
    <None Include="resources\shaders\Lighting\SurfaceMaps\object.frag" />
    <None Include="resources\shaders\Lighting\SurfaceMaps\object.vert" />
    <None Include="resources\shaders\Lighting\LightCasters\light.frag" />
    <None Include="resources\shaders\Lighting\LightCasters\light.vert" />
    <None Include="resources\shaders\Lighting\LightCasters\object.frag" />
    <None Include="resources\shaders\Lighting\LightCasters\object.vert" />
    <None Include="resources\shaders\00_GettingStarted\default.frag" />
    <None Include="resources\shaders\00_GettingStarted\default.vert" />
    <None Include="resources\shaders\01_Lighting\04_MultipleLights\object.vert" />
    <None Include="resources\shaders\01_Lighting\00_PhongLighting\light.frag" />
    <None Include="resources\shaders\01_Lighting\00_PhongLighting\light.vert" />
    <None Include="resources\shaders\01_Lighting\00_PhongLighting\object.frag" />
    <None Include="resources\shaders\01_Lighting\00_PhongLighting\object.vert" />
    <None Include="resources\shaders\01_Lighting\01_Materials\light.frag" />
    <None Include="resources\shaders\01_Lighting\01_Materials\light.vert" />
    <None Include="resources\shaders\01_Lighting\01_Materials\object.frag" />
    <None Include="resources\shaders\01_Lighting\01_Materials\object.vert" />
    <None Include="resources\shaders\01_Lighting\02_SurfaceMaps\light.frag" />
    <None Include="resources\shaders\01_Lighting\02_SurfaceMaps\light.vert" />
    <None Include="resources\shaders\01_Lighting\02_SurfaceMaps\object.frag" />
    <None Include="resources\shaders\01_Lighting\02_SurfaceMaps\object.vert" />
    <None Include="resources\shaders\01_Lighting\03_LightCasters\light.frag" />
    <None Include="resources\shaders\01_Lighting\03_LightCasters\light.vert" />
    <None Include="resources\shaders\01_Lighting\03_LightCasters\object.frag" />
    <None Include="resources\shaders\01_Lighting\03_LightCasters\object.vert" />
    <None Include="resources\shaders\common\light.frag" />
    <None Include="resources\shaders\common\light.vert" />
    <None Include="resources\shaders\01_Lighting\04_MultipleLights\object.frag" />
    <None Include="resources\shaders\02_LoadingMesh\object.vert" />
    <None Include="resources\shaders\02_LoadingMesh\object.frag" />
  </ItemGroup>
  <ItemGroup>
    <Image Include="resources\textures\wall.jpg">
      <Filter>Resource Files</Filter>
    </Image>
    <Image Include="resources\textures\container.jpg">
      <Filter>Resource Files</Filter>
    </Image>
    <Image Include="resources\textures\awesomeface.png">
      <Filter>Resource Files</Filter>
    </Image>
    <Image Include="resources\textures\container2.png">
      <Filter>Resource Files</Filter>
    </Image>
    <Image Include="resources\textures\container2_specular.png">
      <Filter>Resource Files</Filter>
    </Image>
    <Image Include="resources\textures\common\point_light.png">
      <Filter>Resource Files</Filter>
    </Image>
  </ItemGroup>
</Project>